
Microsoft Visual Studio Solution File, Format Version 12.00
# Visual Studio 15
VisualStudioVersion = 15.0.27703.2042
MinimumVisualStudioVersion = 10.0.40219.1
Project("{9A19103F-16F7-4668-BE54-9A1E7A4F7556}") = "RtfPipe", "RtfPipe\RtfPipe.csproj", "{0EF06A2B-892D-417B-8961-DFA661510AE8}"
EndProject
Project("{FAE04EC0-301F-11D3-BF4B-00C04F79EFBC}") = "RtfPipe.Tests", "RtfPipe.Tests\RtfPipe.Tests.csproj", "{985C98BC-BC13-4A35-83DF-0D1AFFB7EADC}"
EndProject
Global
	GlobalSection(SolutionConfigurationPlatforms) = preSolution
		Debug|Any CPU = Debug|Any CPU
		Release|Any CPU = Release|Any CPU
	EndGlobalSection
	GlobalSection(ProjectConfigurationPlatforms) = postSolution
		{0EF06A2B-892D-417B-8961-DFA661510AE8}.Debug|Any CPU.ActiveCfg = Debug|Any CPU
		{0EF06A2B-892D-417B-8961-DFA661510AE8}.Debug|Any CPU.Build.0 = Debug|Any CPU
		{0EF06A2B-892D-417B-8961-DFA661510AE8}.Release|Any CPU.ActiveCfg = Release|Any CPU
		{0EF06A2B-892D-417B-8961-DFA661510AE8}.Release|Any CPU.Build.0 = Release|Any CPU
		{985C98BC-BC13-4A35-83DF-0D1AFFB7EADC}.Debug|Any CPU.ActiveCfg = Debug|Any CPU
		{985C98BC-BC13-4A35-83DF-0D1AFFB7EADC}.Debug|Any CPU.Build.0 = Debug|Any CPU
		{985C98BC-BC13-4A35-83DF-0D1AFFB7EADC}.Release|Any CPU.ActiveCfg = Release|Any CPU
		{985C98BC-BC13-4A35-83DF-0D1AFFB7EADC}.Release|Any CPU.Build.0 = Release|Any CPU
	EndGlobalSection
	GlobalSection(SolutionProperties) = preSolution
		HideSolutionNode = FALSE
	EndGlobalSection
	GlobalSection(ExtensibilityGlobals) = postSolution
		SolutionGuid = {F3FC8838-0BC2-407D-9351-ADE631877176}
	EndGlobalSection
EndGlobal
