Microsoft Visual Studio Solution File, Format Version 12.00
# Visual Studio 14
VisualStudioVersion = 14.0.25420.1
MinimumVisualStudioVersion = 10.0.40219.1
Project("{FAE04EC0-301F-11D3-BF4B-00C04F79EFBC}") = "Rtf2Html", "Rtf2Html\Rtf2Html.csproj", "{6ECFD59C-E75D-44AA-AD15-2FEEDC8D6A98}"
EndProject
Project("{FAE04EC0-301F-11D3-BF4B-00C04F79EFBC}") = "RtfPipe", "RtfPipe\RtfPipe.csproj", "{1A9A64A4-3BDD-467D-ADB3-58BEDBBDEB4E}"
EndProject
Project("{FAE04EC0-301F-11D3-BF4B-00C04F79EFBC}") = "InterpreterTests", "InterpreterTests\InterpreterTests.csproj", "{09FF9DF6-98F5-4EFB-A82B-FC85A1A5E75B}"
EndProject
Global
	GlobalSection(SolutionConfigurationPlatforms) = preSolution
		Debug|Any CPU = Debug|Any CPU
		Release|Any CPU = Release|Any CPU
	EndGlobalSection
	GlobalSection(ProjectConfigurationPlatforms) = postSolution
		{6ECFD59C-E75D-44AA-AD15-2FEEDC8D6A98}.Debug|Any CPU.ActiveCfg = Debug|Any CPU
		{6ECFD59C-E75D-44AA-AD15-2FEEDC8D6A98}.Debug|Any CPU.Build.0 = Debug|Any CPU
		{6ECFD59C-E75D-44AA-AD15-2FEEDC8D6A98}.Release|Any CPU.ActiveCfg = Release|Any CPU
		{6ECFD59C-E75D-44AA-AD15-2FEEDC8D6A98}.Release|Any CPU.Build.0 = Release|Any CPU
		{1A9A64A4-3BDD-467D-ADB3-58BEDBBDEB4E}.Debug|Any CPU.ActiveCfg = Debug|Any CPU
		{1A9A64A4-3BDD-467D-ADB3-58BEDBBDEB4E}.Debug|Any CPU.Build.0 = Debug|Any CPU
		{1A9A64A4-3BDD-467D-ADB3-58BEDBBDEB4E}.Release|Any CPU.ActiveCfg = Release|Any CPU
		{1A9A64A4-3BDD-467D-ADB3-58BEDBBDEB4E}.Release|Any CPU.Build.0 = Release|Any CPU
		{09FF9DF6-98F5-4EFB-A82B-FC85A1A5E75B}.Debug|Any CPU.ActiveCfg = Debug|Any CPU
		{09FF9DF6-98F5-4EFB-A82B-FC85A1A5E75B}.Debug|Any CPU.Build.0 = Debug|Any CPU
		{09FF9DF6-98F5-4EFB-A82B-FC85A1A5E75B}.Release|Any CPU.ActiveCfg = Release|Any CPU
		{09FF9DF6-98F5-4EFB-A82B-FC85A1A5E75B}.Release|Any CPU.Build.0 = Release|Any CPU
	EndGlobalSection
	GlobalSection(SolutionProperties) = preSolution
		HideSolutionNode = FALSE
	EndGlobalSection
EndGlobal
