Microsoft Visual Studio Solution File, Format Version 12.00
# Visual Studio 15
VisualStudioVersion = 15.0.27130.2027
MinimumVisualStudioVersion = 10.0.40219.1
Project("{9A19103F-16F7-4668-BE54-9A1E7A4F7556}") = "RtfPipe", "RtfPipe\RtfPipe.csproj", "{381C8A7F-E57A-4761-B89A-D6BFAA19641D}"
EndProject
Project("{FAE04EC0-301F-11D3-BF4B-00C04F79EFBC}") = "RtfPipe.Tests", "RtfPipe.Tests\RtfPipe.Tests.csproj", "{6B04E858-87B5-47CB-9699-7BC948221935}"
EndProject
Project("{FAE04EC0-301F-11D3-BF4B-00C04F79EFBC}") = "RtfPipe.CoreTests", "RtfPipe.CoreTests\RtfPipe.CoreTests.csproj", "{BEE8E6D8-0EA4-44CE-B2B7-021C4D2F2A78}"
EndProject
Global
	GlobalSection(SolutionConfigurationPlatforms) = preSolution
		Debug|Any CPU = Debug|Any CPU
		Release|Any CPU = Release|Any CPU
		Release4|Any CPU = Release4|Any CPU
	EndGlobalSection
	GlobalSection(ProjectConfigurationPlatforms) = postSolution
		{381C8A7F-E57A-4761-B89A-D6BFAA19641D}.Debug|Any CPU.ActiveCfg = Debug|Any CPU
		{381C8A7F-E57A-4761-B89A-D6BFAA19641D}.Debug|Any CPU.Build.0 = Debug|Any CPU
		{381C8A7F-E57A-4761-B89A-D6BFAA19641D}.Release|Any CPU.ActiveCfg = Release|Any CPU
		{381C8A7F-E57A-4761-B89A-D6BFAA19641D}.Release|Any CPU.Build.0 = Release|Any CPU
		{381C8A7F-E57A-4761-B89A-D6BFAA19641D}.Release4|Any CPU.ActiveCfg = Release|Any CPU
		{381C8A7F-E57A-4761-B89A-D6BFAA19641D}.Release4|Any CPU.Build.0 = Release|Any CPU
		{6B04E858-87B5-47CB-9699-7BC948221935}.Debug|Any CPU.ActiveCfg = Debug|Any CPU
		{6B04E858-87B5-47CB-9699-7BC948221935}.Debug|Any CPU.Build.0 = Debug|Any CPU
		{6B04E858-87B5-47CB-9699-7BC948221935}.Release|Any CPU.ActiveCfg = Release|Any CPU
		{6B04E858-87B5-47CB-9699-7BC948221935}.Release|Any CPU.Build.0 = Release|Any CPU
		{6B04E858-87B5-47CB-9699-7BC948221935}.Release4|Any CPU.ActiveCfg = Release4|Any CPU
		{6B04E858-87B5-47CB-9699-7BC948221935}.Release4|Any CPU.Build.0 = Release4|Any CPU
		{BEE8E6D8-0EA4-44CE-B2B7-021C4D2F2A78}.Debug|Any CPU.ActiveCfg = Debug|Any CPU
		{BEE8E6D8-0EA4-44CE-B2B7-021C4D2F2A78}.Debug|Any CPU.Build.0 = Debug|Any CPU
		{BEE8E6D8-0EA4-44CE-B2B7-021C4D2F2A78}.Release|Any CPU.ActiveCfg = Release|Any CPU
		{BEE8E6D8-0EA4-44CE-B2B7-021C4D2F2A78}.Release|Any CPU.Build.0 = Release|Any CPU
		{BEE8E6D8-0EA4-44CE-B2B7-021C4D2F2A78}.Release4|Any CPU.ActiveCfg = Release|Any CPU
		{BEE8E6D8-0EA4-44CE-B2B7-021C4D2F2A78}.Release4|Any CPU.Build.0 = Release|Any CPU
	EndGlobalSection
	GlobalSection(SolutionProperties) = preSolution
		HideSolutionNode = FALSE
	EndGlobalSection
	GlobalSection(ExtensibilityGlobals) = postSolution
		SolutionGuid = {35329114-657D-4F32-A3E6-BAC0D2B00AAA}
	EndGlobalSection
EndGlobal
